
Microsoft Visual Studio Solution File, Format Version 12.00
# Visual Studio Version 17
VisualStudioVersion = 17.9.34728.123
MinimumVisualStudioVersion = 10.0.40219.1
Project("{9A19103F-16F7-4668-BE54-9A1E7A4F7556}") = "DesignPatternDemo", "DesignPatternDemo\DesignPatternDemo.csproj", "{DD6C6F60-381F-4B4D-93B2-3A008F19F2AD}"
EndProject
Project("{9A19103F-16F7-4668-BE54-9A1E7A4F7556}") = "Decorator", "Decorator\Decorator.csproj", "{C9101C79-F3B1-406D-87F4-3E17D990F393}"
EndProject
Project("{9A19103F-16F7-4668-BE54-9A1E7A4F7556}") = "SOLIDPrinciple", "SOLIDPrinciple\SOLIDPrinciple.csproj", "{5EAA1702-9DF6-4F92-9E41-05CC3EE70680}"
EndProject
Project("{9A19103F-16F7-4668-BE54-9A1E7A4F7556}") = "Builder", "Builder\Builder.csproj", "{CE197B06-04D6-46A9-A7DA-21EF4D90DBA8}"
EndProject
Project("{9A19103F-16F7-4668-BE54-9A1E7A4F7556}") = "Singleton", "Singleton\Singleton.csproj", "{4E63D998-6D14-484B-91DB-011B57ADA731}"
EndProject
Project("{9A19103F-16F7-4668-BE54-9A1E7A4F7556}") = "Factory", "Factory\Factory.csproj", "{D8DE1F03-05AB-4862-9883-6F25C149D1B3}"
EndProject
Project("{9A19103F-16F7-4668-BE54-9A1E7A4F7556}") = "Bridge", "Bridge\Bridge.csproj", "{CF545F78-A99C-4983-BFFB-153A5E41FD45}"
EndProject
Project("{9A19103F-16F7-4668-BE54-9A1E7A4F7556}") = "Prototype", "Prototype\Prototype.csproj", "{6FD84292-0AEB-4693-A326-649DE2F5C8AF}"
EndProject
Project("{FAE04EC0-301F-11D3-BF4B-00C04F79EFBC}") = "Adapter", "Adapter\Adapter.csproj", "{17417D9D-FAF9-4FAA-8021-9D33DA2DDA43}"
EndProject
Global
	GlobalSection(SolutionConfigurationPlatforms) = preSolution
		Debug|Any CPU = Debug|Any CPU
		Release|Any CPU = Release|Any CPU
	EndGlobalSection
	GlobalSection(ProjectConfigurationPlatforms) = postSolution
		{DD6C6F60-381F-4B4D-93B2-3A008F19F2AD}.Debug|Any CPU.ActiveCfg = Debug|Any CPU
		{DD6C6F60-381F-4B4D-93B2-3A008F19F2AD}.Debug|Any CPU.Build.0 = Debug|Any CPU
		{DD6C6F60-381F-4B4D-93B2-3A008F19F2AD}.Release|Any CPU.ActiveCfg = Release|Any CPU
		{DD6C6F60-381F-4B4D-93B2-3A008F19F2AD}.Release|Any CPU.Build.0 = Release|Any CPU
		{C9101C79-F3B1-406D-87F4-3E17D990F393}.Debug|Any CPU.ActiveCfg = Debug|Any CPU
		{C9101C79-F3B1-406D-87F4-3E17D990F393}.Debug|Any CPU.Build.0 = Debug|Any CPU
		{C9101C79-F3B1-406D-87F4-3E17D990F393}.Release|Any CPU.ActiveCfg = Release|Any CPU
		{C9101C79-F3B1-406D-87F4-3E17D990F393}.Release|Any CPU.Build.0 = Release|Any CPU
		{5EAA1702-9DF6-4F92-9E41-05CC3EE70680}.Debug|Any CPU.ActiveCfg = Debug|Any CPU
		{5EAA1702-9DF6-4F92-9E41-05CC3EE70680}.Debug|Any CPU.Build.0 = Debug|Any CPU
		{5EAA1702-9DF6-4F92-9E41-05CC3EE70680}.Release|Any CPU.ActiveCfg = Release|Any CPU
		{5EAA1702-9DF6-4F92-9E41-05CC3EE70680}.Release|Any CPU.Build.0 = Release|Any CPU
		{CE197B06-04D6-46A9-A7DA-21EF4D90DBA8}.Debug|Any CPU.ActiveCfg = Debug|Any CPU
		{CE197B06-04D6-46A9-A7DA-21EF4D90DBA8}.Debug|Any CPU.Build.0 = Debug|Any CPU
		{CE197B06-04D6-46A9-A7DA-21EF4D90DBA8}.Release|Any CPU.ActiveCfg = Release|Any CPU
		{CE197B06-04D6-46A9-A7DA-21EF4D90DBA8}.Release|Any CPU.Build.0 = Release|Any CPU
		{4E63D998-6D14-484B-91DB-011B57ADA731}.Debug|Any CPU.ActiveCfg = Debug|Any CPU
		{4E63D998-6D14-484B-91DB-011B57ADA731}.Debug|Any CPU.Build.0 = Debug|Any CPU
		{4E63D998-6D14-484B-91DB-011B57ADA731}.Release|Any CPU.ActiveCfg = Release|Any CPU
		{4E63D998-6D14-484B-91DB-011B57ADA731}.Release|Any CPU.Build.0 = Release|Any CPU
		{D8DE1F03-05AB-4862-9883-6F25C149D1B3}.Debug|Any CPU.ActiveCfg = Debug|Any CPU
		{D8DE1F03-05AB-4862-9883-6F25C149D1B3}.Debug|Any CPU.Build.0 = Debug|Any CPU
		{D8DE1F03-05AB-4862-9883-6F25C149D1B3}.Release|Any CPU.ActiveCfg = Release|Any CPU
		{D8DE1F03-05AB-4862-9883-6F25C149D1B3}.Release|Any CPU.Build.0 = Release|Any CPU
		{CF545F78-A99C-4983-BFFB-153A5E41FD45}.Debug|Any CPU.ActiveCfg = Debug|Any CPU
		{CF545F78-A99C-4983-BFFB-153A5E41FD45}.Debug|Any CPU.Build.0 = Debug|Any CPU
		{CF545F78-A99C-4983-BFFB-153A5E41FD45}.Release|Any CPU.ActiveCfg = Release|Any CPU
		{CF545F78-A99C-4983-BFFB-153A5E41FD45}.Release|Any CPU.Build.0 = Release|Any CPU
		{6FD84292-0AEB-4693-A326-649DE2F5C8AF}.Debug|Any CPU.ActiveCfg = Debug|Any CPU
		{6FD84292-0AEB-4693-A326-649DE2F5C8AF}.Debug|Any CPU.Build.0 = Debug|Any CPU
		{6FD84292-0AEB-4693-A326-649DE2F5C8AF}.Release|Any CPU.ActiveCfg = Release|Any CPU
		{6FD84292-0AEB-4693-A326-649DE2F5C8AF}.Release|Any CPU.Build.0 = Release|Any CPU
		{17417D9D-FAF9-4FAA-8021-9D33DA2DDA43}.Debug|Any CPU.ActiveCfg = Debug|Any CPU
		{17417D9D-FAF9-4FAA-8021-9D33DA2DDA43}.Debug|Any CPU.Build.0 = Debug|Any CPU
		{17417D9D-FAF9-4FAA-8021-9D33DA2DDA43}.Release|Any CPU.ActiveCfg = Release|Any CPU
		{17417D9D-FAF9-4FAA-8021-9D33DA2DDA43}.Release|Any CPU.Build.0 = Release|Any CPU
	EndGlobalSection
	GlobalSection(SolutionProperties) = preSolution
		HideSolutionNode = FALSE
	EndGlobalSection
	GlobalSection(ExtensibilityGlobals) = postSolution
		SolutionGuid = {AA189F57-BD41-48AB-AB01-6A062EE92234}
	EndGlobalSection
EndGlobal
